
Microsoft Visual Studio Solution File, Format Version 12.00
# Visual Studio 14
VisualStudioVersion = 14.0.23107.0
MinimumVisualStudioVersion = 10.0.40219.1
Project("{FAE04EC0-301F-11D3-BF4B-00C04F79EFBC}") = "NoTrace.WebApi.Web", "NoTrace.WebApi.Web\NoTrace.WebApi.Web.csproj", "{E9B5B4EE-09CD-47C4-AF60-94C7304B9F06}"
EndProject
Project("{FAE04EC0-301F-11D3-BF4B-00C04F79EFBC}") = "NoTrace.WebApi.Web.Tests", "NoTrace.WebApi.Web.Tests\NoTrace.WebApi.Web.Tests.csproj", "{2DF42026-B57D-4220-B1E9-058EF26E6E7E}"
EndProject
Project("{2150E333-8FDC-42A3-9474-1A3956D46DE8}") = "ABP", "ABP", "{C80164D0-DAE2-4EAC-8244-9F42ED156D2B}"
EndProject
Project("{2150E333-8FDC-42A3-9474-1A3956D46DE8}") = "NoTrace", "NoTrace", "{5711B1CC-3A40-4EF8-AFC0-49183A0C1EF4}"
EndProject
Project("{2150E333-8FDC-42A3-9474-1A3956D46DE8}") = "Tests", "Tests", "{759CD2FE-EB81-4C6C-8486-A0F20C1BF49B}"
EndProject
Project("{FAE04EC0-301F-11D3-BF4B-00C04F79EFBC}") = "Abp", "Abp\Abp.csproj", "{2C221D3B-5F54-4C5B-8082-318636415132}"
EndProject
Project("{FAE04EC0-301F-11D3-BF4B-00C04F79EFBC}") = "Abp.AutoMapper", "Abp.AutoMapper\Abp.AutoMapper.csproj", "{06EB5F7C-B974-4775-A305-F175D645F7C9}"
EndProject
Project("{FAE04EC0-301F-11D3-BF4B-00C04F79EFBC}") = "Abp.EntityFramework", "Abp.EntityFramework\Abp.EntityFramework.csproj", "{948F0CAF-3382-4E03-9A0F-0DDB206FE40D}"
EndProject
Project("{FAE04EC0-301F-11D3-BF4B-00C04F79EFBC}") = "Abp.Web", "Abp.Web\Abp.Web.csproj", "{D37C09D8-2F18-4F0B-A4D3-7A12C124E070}"
EndProject
Project("{FAE04EC0-301F-11D3-BF4B-00C04F79EFBC}") = "Abp.Web.Api", "Abp.Web.Api\Abp.Web.Api.csproj", "{71962F97-5E4B-465C-9A21-2153D31992CF}"
EndProject
Project("{FAE04EC0-301F-11D3-BF4B-00C04F79EFBC}") = "Abp.Web.Mvc", "Abp.Web.Mvc\Abp.Web.Mvc.csproj", "{78FC0C9B-C5A9-4900-9A46-A8F544AC5343}"
EndProject
Project("{FAE04EC0-301F-11D3-BF4B-00C04F79EFBC}") = "Abp.Web.Resources", "Abp.Web.Resources\Abp.Web.Resources.csproj", "{9003DDA9-1DD5-41A1-B907-6F378767C441}"
EndProject
Project("{2150E333-8FDC-42A3-9474-1A3956D46DE8}") = ".NuGet", ".NuGet", "{80ACCB93-5D9A-4059-B500-E709B00188B7}"
	ProjectSection(SolutionItems) = preProject
		.nuget\NuGet.Config = .nuget\NuGet.Config
		.nuget\NuGet.exe = .nuget\NuGet.exe
		.nuget\NuGet.targets = .nuget\NuGet.targets
	EndProjectSection
EndProject
Project("{2150E333-8FDC-42A3-9474-1A3956D46DE8}") = "Abp.Zore", "Abp.Zore", "{27BBC98C-FCD9-4AB1-951C-BBB0F64A5C50}"
EndProject
Project("{FAE04EC0-301F-11D3-BF4B-00C04F79EFBC}") = "Abp.Zero", "Abp.Zero\Abp.Zero.csproj", "{70D916F2-9BFF-43DA-B3F7-3E0655114D48}"
EndProject
Project("{FAE04EC0-301F-11D3-BF4B-00C04F79EFBC}") = "Abp.Zero.EntityFramework", "Abp.Zero.EntityFramework\Abp.Zero.EntityFramework.csproj", "{B728E703-345B-4553-A8B0-B28BB6738688}"
EndProject
Project("{FAE04EC0-301F-11D3-BF4B-00C04F79EFBC}") = "Abp.Zero.Ldap", "Abp.Zero.Ldap\Abp.Zero.Ldap.csproj", "{587409A2-2470-4CC4-8F81-DB0A2B3E57A5}"
EndProject
Global
	GlobalSection(SolutionConfigurationPlatforms) = preSolution
		Debug|Any CPU = Debug|Any CPU
		Release|Any CPU = Release|Any CPU
	EndGlobalSection
	GlobalSection(ProjectConfigurationPlatforms) = postSolution
		{E9B5B4EE-09CD-47C4-AF60-94C7304B9F06}.Debug|Any CPU.ActiveCfg = Debug|Any CPU
		{E9B5B4EE-09CD-47C4-AF60-94C7304B9F06}.Debug|Any CPU.Build.0 = Debug|Any CPU
		{E9B5B4EE-09CD-47C4-AF60-94C7304B9F06}.Release|Any CPU.ActiveCfg = Release|Any CPU
		{E9B5B4EE-09CD-47C4-AF60-94C7304B9F06}.Release|Any CPU.Build.0 = Release|Any CPU
		{2DF42026-B57D-4220-B1E9-058EF26E6E7E}.Debug|Any CPU.ActiveCfg = Debug|Any CPU
		{2DF42026-B57D-4220-B1E9-058EF26E6E7E}.Debug|Any CPU.Build.0 = Debug|Any CPU
		{2DF42026-B57D-4220-B1E9-058EF26E6E7E}.Release|Any CPU.ActiveCfg = Release|Any CPU
		{2DF42026-B57D-4220-B1E9-058EF26E6E7E}.Release|Any CPU.Build.0 = Release|Any CPU
		{2C221D3B-5F54-4C5B-8082-318636415132}.Debug|Any CPU.ActiveCfg = Debug|Any CPU
		{2C221D3B-5F54-4C5B-8082-318636415132}.Debug|Any CPU.Build.0 = Debug|Any CPU
		{2C221D3B-5F54-4C5B-8082-318636415132}.Release|Any CPU.ActiveCfg = Release|Any CPU
		{2C221D3B-5F54-4C5B-8082-318636415132}.Release|Any CPU.Build.0 = Release|Any CPU
		{06EB5F7C-B974-4775-A305-F175D645F7C9}.Debug|Any CPU.ActiveCfg = Debug|Any CPU
		{06EB5F7C-B974-4775-A305-F175D645F7C9}.Debug|Any CPU.Build.0 = Debug|Any CPU
		{06EB5F7C-B974-4775-A305-F175D645F7C9}.Release|Any CPU.ActiveCfg = Release|Any CPU
		{06EB5F7C-B974-4775-A305-F175D645F7C9}.Release|Any CPU.Build.0 = Release|Any CPU
		{948F0CAF-3382-4E03-9A0F-0DDB206FE40D}.Debug|Any CPU.ActiveCfg = Debug|Any CPU
		{948F0CAF-3382-4E03-9A0F-0DDB206FE40D}.Debug|Any CPU.Build.0 = Debug|Any CPU
		{948F0CAF-3382-4E03-9A0F-0DDB206FE40D}.Release|Any CPU.ActiveCfg = Release|Any CPU
		{948F0CAF-3382-4E03-9A0F-0DDB206FE40D}.Release|Any CPU.Build.0 = Release|Any CPU
		{D37C09D8-2F18-4F0B-A4D3-7A12C124E070}.Debug|Any CPU.ActiveCfg = Debug|Any CPU
		{D37C09D8-2F18-4F0B-A4D3-7A12C124E070}.Debug|Any CPU.Build.0 = Debug|Any CPU
		{D37C09D8-2F18-4F0B-A4D3-7A12C124E070}.Release|Any CPU.ActiveCfg = Release|Any CPU
		{D37C09D8-2F18-4F0B-A4D3-7A12C124E070}.Release|Any CPU.Build.0 = Release|Any CPU
		{71962F97-5E4B-465C-9A21-2153D31992CF}.Debug|Any CPU.ActiveCfg = Debug|Any CPU
		{71962F97-5E4B-465C-9A21-2153D31992CF}.Debug|Any CPU.Build.0 = Debug|Any CPU
		{71962F97-5E4B-465C-9A21-2153D31992CF}.Release|Any CPU.ActiveCfg = Release|Any CPU
		{71962F97-5E4B-465C-9A21-2153D31992CF}.Release|Any CPU.Build.0 = Release|Any CPU
		{78FC0C9B-C5A9-4900-9A46-A8F544AC5343}.Debug|Any CPU.ActiveCfg = Debug|Any CPU
		{78FC0C9B-C5A9-4900-9A46-A8F544AC5343}.Debug|Any CPU.Build.0 = Debug|Any CPU
		{78FC0C9B-C5A9-4900-9A46-A8F544AC5343}.Release|Any CPU.ActiveCfg = Release|Any CPU
		{78FC0C9B-C5A9-4900-9A46-A8F544AC5343}.Release|Any CPU.Build.0 = Release|Any CPU
		{9003DDA9-1DD5-41A1-B907-6F378767C441}.Debug|Any CPU.ActiveCfg = Debug|Any CPU
		{9003DDA9-1DD5-41A1-B907-6F378767C441}.Debug|Any CPU.Build.0 = Debug|Any CPU
		{9003DDA9-1DD5-41A1-B907-6F378767C441}.Release|Any CPU.ActiveCfg = Release|Any CPU
		{9003DDA9-1DD5-41A1-B907-6F378767C441}.Release|Any CPU.Build.0 = Release|Any CPU
		{70D916F2-9BFF-43DA-B3F7-3E0655114D48}.Debug|Any CPU.ActiveCfg = Debug|Any CPU
		{70D916F2-9BFF-43DA-B3F7-3E0655114D48}.Debug|Any CPU.Build.0 = Debug|Any CPU
		{70D916F2-9BFF-43DA-B3F7-3E0655114D48}.Release|Any CPU.ActiveCfg = Release|Any CPU
		{70D916F2-9BFF-43DA-B3F7-3E0655114D48}.Release|Any CPU.Build.0 = Release|Any CPU
		{B728E703-345B-4553-A8B0-B28BB6738688}.Debug|Any CPU.ActiveCfg = Debug|Any CPU
		{B728E703-345B-4553-A8B0-B28BB6738688}.Debug|Any CPU.Build.0 = Debug|Any CPU
		{B728E703-345B-4553-A8B0-B28BB6738688}.Release|Any CPU.ActiveCfg = Release|Any CPU
		{B728E703-345B-4553-A8B0-B28BB6738688}.Release|Any CPU.Build.0 = Release|Any CPU
		{587409A2-2470-4CC4-8F81-DB0A2B3E57A5}.Debug|Any CPU.ActiveCfg = Debug|Any CPU
		{587409A2-2470-4CC4-8F81-DB0A2B3E57A5}.Debug|Any CPU.Build.0 = Debug|Any CPU
		{587409A2-2470-4CC4-8F81-DB0A2B3E57A5}.Release|Any CPU.ActiveCfg = Release|Any CPU
		{587409A2-2470-4CC4-8F81-DB0A2B3E57A5}.Release|Any CPU.Build.0 = Release|Any CPU
	EndGlobalSection
	GlobalSection(SolutionProperties) = preSolution
		HideSolutionNode = FALSE
	EndGlobalSection
	GlobalSection(NestedProjects) = preSolution
		{E9B5B4EE-09CD-47C4-AF60-94C7304B9F06} = {5711B1CC-3A40-4EF8-AFC0-49183A0C1EF4}
		{2DF42026-B57D-4220-B1E9-058EF26E6E7E} = {759CD2FE-EB81-4C6C-8486-A0F20C1BF49B}
		{2C221D3B-5F54-4C5B-8082-318636415132} = {C80164D0-DAE2-4EAC-8244-9F42ED156D2B}
		{06EB5F7C-B974-4775-A305-F175D645F7C9} = {C80164D0-DAE2-4EAC-8244-9F42ED156D2B}
		{948F0CAF-3382-4E03-9A0F-0DDB206FE40D} = {C80164D0-DAE2-4EAC-8244-9F42ED156D2B}
		{D37C09D8-2F18-4F0B-A4D3-7A12C124E070} = {C80164D0-DAE2-4EAC-8244-9F42ED156D2B}
		{71962F97-5E4B-465C-9A21-2153D31992CF} = {C80164D0-DAE2-4EAC-8244-9F42ED156D2B}
		{78FC0C9B-C5A9-4900-9A46-A8F544AC5343} = {C80164D0-DAE2-4EAC-8244-9F42ED156D2B}
		{9003DDA9-1DD5-41A1-B907-6F378767C441} = {C80164D0-DAE2-4EAC-8244-9F42ED156D2B}
		{80ACCB93-5D9A-4059-B500-E709B00188B7} = {C80164D0-DAE2-4EAC-8244-9F42ED156D2B}
		{70D916F2-9BFF-43DA-B3F7-3E0655114D48} = {27BBC98C-FCD9-4AB1-951C-BBB0F64A5C50}
		{B728E703-345B-4553-A8B0-B28BB6738688} = {27BBC98C-FCD9-4AB1-951C-BBB0F64A5C50}
		{587409A2-2470-4CC4-8F81-DB0A2B3E57A5} = {27BBC98C-FCD9-4AB1-951C-BBB0F64A5C50}
	EndGlobalSection
EndGlobal
